
Microsoft Visual Studio Solution File, Format Version 12.00
# Visual Studio Version 17
VisualStudioVersion = 17.5.33516.290
MinimumVisualStudioVersion = 10.0.40219.1
Project("{9A19103F-16F7-4668-BE54-9A1E7A4F7556}") = "BancAccount", "BancAccount\BancAccount.csproj", "{ACC8B8F5-CBEC-4362-BA71-789C2F12FF66}"
EndProject
Project("{9A19103F-16F7-4668-BE54-9A1E7A4F7556}") = "BLL", "BLL\BLL.csproj", "{7F36E3DD-789B-42B0-807A-9447ACC2F45F}"
EndProject
Project("{9A19103F-16F7-4668-BE54-9A1E7A4F7556}") = "Storage", "Storage\Storage.csproj", "{B5E14F94-04EB-4E98-B73E-8255BB2ADA33}"
EndProject
Project("{9A19103F-16F7-4668-BE54-9A1E7A4F7556}") = "StorageLayerTest", "BankAccTest\StorageLayerTest.csproj", "{F3ADCB98-8F04-4A70-8BF2-3136453F8890}"
EndProject
Project("{9A19103F-16F7-4668-BE54-9A1E7A4F7556}") = "BLL.Tests", "BLLTests\BLL.Tests.csproj", "{EF93BD5E-EF97-4BC8-AE4B-E2EDBE196F67}"
EndProject
Global
	GlobalSection(SolutionConfigurationPlatforms) = preSolution
		Debug|Any CPU = Debug|Any CPU
		Release|Any CPU = Release|Any CPU
	EndGlobalSection
	GlobalSection(ProjectConfigurationPlatforms) = postSolution
		{ACC8B8F5-CBEC-4362-BA71-789C2F12FF66}.Debug|Any CPU.ActiveCfg = Debug|Any CPU
		{ACC8B8F5-CBEC-4362-BA71-789C2F12FF66}.Debug|Any CPU.Build.0 = Debug|Any CPU
		{ACC8B8F5-CBEC-4362-BA71-789C2F12FF66}.Release|Any CPU.ActiveCfg = Release|Any CPU
		{ACC8B8F5-CBEC-4362-BA71-789C2F12FF66}.Release|Any CPU.Build.0 = Release|Any CPU
		{7F36E3DD-789B-42B0-807A-9447ACC2F45F}.Debug|Any CPU.ActiveCfg = Debug|Any CPU
		{7F36E3DD-789B-42B0-807A-9447ACC2F45F}.Debug|Any CPU.Build.0 = Debug|Any CPU
		{7F36E3DD-789B-42B0-807A-9447ACC2F45F}.Release|Any CPU.ActiveCfg = Release|Any CPU
		{7F36E3DD-789B-42B0-807A-9447ACC2F45F}.Release|Any CPU.Build.0 = Release|Any CPU
		{B5E14F94-04EB-4E98-B73E-8255BB2ADA33}.Debug|Any CPU.ActiveCfg = Debug|Any CPU
		{B5E14F94-04EB-4E98-B73E-8255BB2ADA33}.Debug|Any CPU.Build.0 = Debug|Any CPU
		{B5E14F94-04EB-4E98-B73E-8255BB2ADA33}.Release|Any CPU.ActiveCfg = Release|Any CPU
		{B5E14F94-04EB-4E98-B73E-8255BB2ADA33}.Release|Any CPU.Build.0 = Release|Any CPU
		{F3ADCB98-8F04-4A70-8BF2-3136453F8890}.Debug|Any CPU.ActiveCfg = Debug|Any CPU
		{F3ADCB98-8F04-4A70-8BF2-3136453F8890}.Debug|Any CPU.Build.0 = Debug|Any CPU
		{F3ADCB98-8F04-4A70-8BF2-3136453F8890}.Release|Any CPU.ActiveCfg = Release|Any CPU
		{F3ADCB98-8F04-4A70-8BF2-3136453F8890}.Release|Any CPU.Build.0 = Release|Any CPU
		{EF93BD5E-EF97-4BC8-AE4B-E2EDBE196F67}.Debug|Any CPU.ActiveCfg = Debug|Any CPU
		{EF93BD5E-EF97-4BC8-AE4B-E2EDBE196F67}.Debug|Any CPU.Build.0 = Debug|Any CPU
		{EF93BD5E-EF97-4BC8-AE4B-E2EDBE196F67}.Release|Any CPU.ActiveCfg = Release|Any CPU
		{EF93BD5E-EF97-4BC8-AE4B-E2EDBE196F67}.Release|Any CPU.Build.0 = Release|Any CPU
	EndGlobalSection
	GlobalSection(SolutionProperties) = preSolution
		HideSolutionNode = FALSE
	EndGlobalSection
	GlobalSection(ExtensibilityGlobals) = postSolution
		SolutionGuid = {3E14565A-0DA6-4632-AAE3-1B6220E88668}
	EndGlobalSection
EndGlobal
